
Microsoft Visual Studio Solution File, Format Version 12.00
# Visual Studio Version 16
VisualStudioVersion = 16.0.31424.327
MinimumVisualStudioVersion = 10.0.40219.1
Project("{FAE04EC0-301F-11D3-BF4B-00C04F79EFBC}") = "Tic Tac Toe", "Tic Tac Toe\Tic Tac Toe.csproj", "{C511EDF7-2E36-4C84-910C-A5DDC79A7F3B}"
EndProject
Global
	GlobalSection(SolutionConfigurationPlatforms) = preSolution
		Debug|Any CPU = Debug|Any CPU
		Release|Any CPU = Release|Any CPU
	EndGlobalSection
	GlobalSection(ProjectConfigurationPlatforms) = postSolution
		{C511EDF7-2E36-4C84-910C-A5DDC79A7F3B}.Debug|Any CPU.ActiveCfg = Debug|Any CPU
		{C511EDF7-2E36-4C84-910C-A5DDC79A7F3B}.Debug|Any CPU.Build.0 = Debug|Any CPU
		{C511EDF7-2E36-4C84-910C-A5DDC79A7F3B}.Release|Any CPU.ActiveCfg = Release|Any CPU
		{C511EDF7-2E36-4C84-910C-A5DDC79A7F3B}.Release|Any CPU.Build.0 = Release|Any CPU
	EndGlobalSection
	GlobalSection(SolutionProperties) = preSolution
		HideSolutionNode = FALSE
	EndGlobalSection
	GlobalSection(ExtensibilityGlobals) = postSolution
		SolutionGuid = {29A93EB9-61AE-415E-A3C9-21C1797AD5B0}
	EndGlobalSection
EndGlobal
